DEPENDENCIES
  apt (~> 2.5.2)
  git (~> 4.0.2)
  nginx (~> 2.7.4)
  poll-app
    path: site-cookbooks/poll-app
  poll-app-python
    path: site-cookbooks/poll-app-python
  poll-app-supervisor
    path: site-cookbooks/poll-app-supervisor
  postgresql
    git: https://github.com/phlipper/chef-postgresql.git
    revision: 8438360775ce239627878dddded9cfde72e2d3ff
  python (~> 1.4.6)
  supervisor (~> 0.4.12)
  vim (~> 1.1.2)

GRAPH
  apt (2.5.2)
  bluepill (2.3.1)
    rsyslog (>= 0.0.0)
  build-essential (2.0.6)
  chef_handler (1.1.6)
  dmg (2.2.0)
  git (4.0.2)
    build-essential (>= 0.0.0)
    dmg (>= 0.0.0)
    runit (>= 1.0.0)
    windows (>= 0.0.0)
    yum (~> 3.0)
    yum-epel (>= 0.0.0)
  ipaddr_extensions (0.3.0)
  nginx (2.7.4)
    apt (~> 2.2)
    bluepill (~> 2.3)
    build-essential (~> 2.0)
    ohai (~> 2.0)
    runit (~> 1.2)
    yum-epel (~> 0.3)
  ohai (2.0.1)
  paths (0.3.0)
  poll-app (0.1.0)
    postgres (>= 0.0.0)
    python (>= 0.0.0)
  poll-app-python (0.1.0)
  poll-app-supervisor (0.1.0)
  postgres (2.11.0)
    ipaddr_extensions (>= 0.0.0)
    paths (>= 0.0.0)
    rbac (>= 0.0.0)
    resource-control (>= 0.0.0)
    smf (>= 2.0.1)
  postgresql (0.14.1)
    apt (>= 1.9.0)
  python (1.4.6)
    build-essential (>= 0.0.0)
    yum-epel (>= 0.0.0)
  rbac (1.0.2)
  resource-control (0.1.1)
  rsyslog (1.12.2)
  runit (1.5.10)
    build-essential (>= 0.0.0)
    yum (~> 3.0)
    yum-epel (>= 0.0.0)
  smf (2.2.0)
    rbac (>= 1.0.1)
    resource-control (>= 0.0.0)
  supervisor (0.4.12)
    python (>= 0.0.0)
  vim (1.1.2)
  windows (1.34.2)
    chef_handler (>= 0.0.0)
  yum (3.2.4)
  yum-epel (0.4.0)
    yum (~> 3.0)
